// !$*UTF8*$!
{
	archiveVersion = 1;
	classes = {
	};
	objectVersion = 46;
	objects = {

/* Begin PBXBuildFile section */
		9090C44A195EC09400DF3C25 /* MilkColours+UIColor.m in Sources */ = {isa = PBXBuildFile; fileRef = 9090C449195EC09400DF3C25 /* MilkColours+UIColor.m */; };
		909243C5196F3CF1004420D6 /* Crashlytics.framework in Frameworks */ = {isa = PBXBuildFile; fileRef = 909243C4196F3CF1004420D6 /* Crashlytics.framework */; };
		9093DD2318D3D458004A6CC5 /* Foundation.framework in Frameworks */ = {isa = PBXBuildFile; fileRef = 9093DD2218D3D458004A6CC5 /* Foundation.framework */; };
		9093DD2518D3D458004A6CC5 /* CoreGraphics.framework in Frameworks */ = {isa = PBXBuildFile; fileRef = 9093DD2418D3D458004A6CC5 /* CoreGraphics.framework */; };
		9093DD2718D3D458004A6CC5 /* UIKit.framework in Frameworks */ = {isa = PBXBuildFile; fileRef = 9093DD2618D3D458004A6CC5 /* UIKit.framework */; };
		9093DD2D18D3D458004A6CC5 /* InfoPlist.strings in Resources */ = {isa = PBXBuildFile; fileRef = 9093DD2B18D3D458004A6CC5 /* InfoPlist.strings */; };
		9093DD2F18D3D458004A6CC5 /* main.m in Sources */ = {isa = PBXBuildFile; fileRef = 9093DD2E18D3D458004A6CC5 /* main.m */; };
		9093DD3318D3D458004A6CC5 /* MilkAppDelegate.m in Sources */ = {isa = PBXBuildFile; fileRef = 9093DD3218D3D458004A6CC5 /* MilkAppDelegate.m */; };
		9093DD3618D3D458004A6CC5 /* Main.storyboard in Resources */ = {isa = PBXBuildFile; fileRef = 9093DD3418D3D458004A6CC5 /* Main.storyboard */; };
		9093DD3918D3D458004A6CC5 /* MilkListListViewController.m in Sources */ = {isa = PBXBuildFile; fileRef = 9093DD3818D3D458004A6CC5 /* MilkListListViewController.m */; };
		9093DD3B18D3D458004A6CC5 /* Images.xcassets in Resources */ = {isa = PBXBuildFile; fileRef = 9093DD3A18D3D458004A6CC5 /* Images.xcassets */; };
		9093DD4218D3D458004A6CC5 /* XCTest.framework in Frameworks */ = {isa = PBXBuildFile; fileRef = 9093DD4118D3D458004A6CC5 /* XCTest.framework */; };
		9093DD4318D3D458004A6CC5 /* Foundation.framework in Frameworks */ = {isa = PBXBuildFile; fileRef = 9093DD2218D3D458004A6CC5 /* Foundation.framework */; };
		9093DD4418D3D458004A6CC5 /* UIKit.framework in Frameworks */ = {isa = PBXBuildFile; fileRef = 9093DD2618D3D458004A6CC5 /* UIKit.framework */; };
		9093DD4C18D3D458004A6CC5 /* InfoPlist.strings in Resources */ = {isa = PBXBuildFile; fileRef = 9093DD4A18D3D458004A6CC5 /* InfoPlist.strings */; };
		9093DD4E18D3D458004A6CC5 /* MilkTests.m in Sources */ = {isa = PBXBuildFile; fileRef = 9093DD4D18D3D458004A6CC5 /* MilkTests.m */; };
		9093DD5918D3DF7B004A6CC5 /* MilkListDetailViewController.m in Sources */ = {isa = PBXBuildFile; fileRef = 9093DD5818D3DF7B004A6CC5 /* MilkListDetailViewController.m */; };
		9093DD6018D3DFF4004A6CC5 /* Milk.xcdatamodeld in Sources */ = {isa = PBXBuildFile; fileRef = 9093DD5E18D3DFF4004A6CC5 /* Milk.xcdatamodeld */; };
		9093DD6318D3E0DB004A6CC5 /* List.m in Sources */ = {isa = PBXBuildFile; fileRef = 9093DD6218D3E0DB004A6CC5 /* List.m */; };
		9093DD6618D3E0DC004A6CC5 /* Product.m in Sources */ = {isa = PBXBuildFile; fileRef = 9093DD6518D3E0DC004A6CC5 /* Product.m */; };
		9093DD6A18D425D8004A6CC5 /* MilkProductTableViewCell.m in Sources */ = {isa = PBXBuildFile; fileRef = 9093DD6918D425D8004A6CC5 /* MilkProductTableViewCell.m */; };
		9093DD6C18D4317F004A6CC5 /* Reveal.framework in Frameworks */ = {isa = PBXBuildFile; fileRef = 9093DD6B18D4317F004A6CC5 /* Reveal.framework */; settings = {ATTRIBUTES = (Weak, ); }; };
		9093DD7318D436CC004A6CC5 /* MilkProductTextField.m in Sources */ = {isa = PBXBuildFile; fileRef = 9093DD7218D436CC004A6CC5 /* MilkProductTextField.m */; };
		90F0F3EA195EA06D00C08177 /* MagicalImportFunctions.m in Sources */ = {isa = PBXBuildFile; fileRef = 90F0F3B0195EA06D00C08177 /* MagicalImportFunctions.m */; };
		90F0F3EB195EA06D00C08177 /* NSAttributeDescription+MagicalDataImport.m in Sources */ = {isa = PBXBuildFile; fileRef = 90F0F3B2195EA06D00C08177 /* NSAttributeDescription+MagicalDataImport.m */; };
		90F0F3EC195EA06D00C08177 /* NSEntityDescription+MagicalDataImport.m in Sources */ = {isa = PBXBuildFile; fileRef = 90F0F3B4195EA06D00C08177 /* NSEntityDescription+MagicalDataImport.m */; };
		90F0F3ED195EA06D00C08177 /* NSNumber+MagicalDataImport.m in Sources */ = {isa = PBXBuildFile; fileRef = 90F0F3B6195EA06D00C08177 /* NSNumber+MagicalDataImport.m */; };
		90F0F3EE195EA06D00C08177 /* NSObject+MagicalDataImport.m in Sources */ = {isa = PBXBuildFile; fileRef = 90F0F3B8195EA06D00C08177 /* NSObject+MagicalDataImport.m */; };
		90F0F3EF195EA06D00C08177 /* NSRelationshipDescription+MagicalDataImport.m in Sources */ = {isa = PBXBuildFile; fileRef = 90F0F3BA195EA06D00C08177 /* NSRelationshipDescription+MagicalDataImport.m */; };
		90F0F3F0195EA06D00C08177 /* NSString+MagicalDataImport.m in Sources */ = {isa = PBXBuildFile; fileRef = 90F0F3BC195EA06D00C08177 /* NSString+MagicalDataImport.m */; };
		90F0F3F1195EA06D00C08177 /* NSManagedObject+MagicalAggregation.m in Sources */ = {isa = PBXBuildFile; fileRef = 90F0F3BF195EA06D00C08177 /* NSManagedObject+MagicalAggregation.m */; };
		90F0F3F2195EA06D00C08177 /* NSManagedObject+MagicalDataImport.m in Sources */ = {isa = PBXBuildFile; fileRef = 90F0F3C1195EA06D00C08177 /* NSManagedObject+MagicalDataImport.m */; };
		90F0F3F3195EA06D00C08177 /* NSManagedObject+MagicalFinders.m in Sources */ = {isa = PBXBuildFile; fileRef = 90F0F3C3195EA06D00C08177 /* NSManagedObject+MagicalFinders.m */; };
		90F0F3F4195EA06D00C08177 /* NSManagedObject+MagicalRecord.m in Sources */ = {isa = PBXBuildFile; fileRef = 90F0F3C5195EA06D00C08177 /* NSManagedObject+MagicalRecord.m */; };
		90F0F3F5195EA06D00C08177 /* NSManagedObject+MagicalRequests.m in Sources */ = {isa = PBXBuildFile; fileRef = 90F0F3C7195EA06D00C08177 /* NSManagedObject+MagicalRequests.m */; };
		90F0F3F6195EA06D00C08177 /* NSManagedObjectContext+MagicalObserving.m in Sources */ = {isa = PBXBuildFile; fileRef = 90F0F3CA195EA06D00C08177 /* NSManagedObjectContext+MagicalObserving.m */; };
		90F0F3F7195EA06D00C08177 /* NSManagedObjectContext+MagicalRecord.m in Sources */ = {isa = PBXBuildFile; fileRef = 90F0F3CC195EA06D00C08177 /* NSManagedObjectContext+MagicalRecord.m */; };
		90F0F3F8195EA06D00C08177 /* NSManagedObjectContext+MagicalSaves.m in Sources */ = {isa = PBXBuildFile; fileRef = 90F0F3CE195EA06D00C08177 /* NSManagedObjectContext+MagicalSaves.m */; };
		90F0F3F9195EA06D00C08177 /* NSManagedObjectContext+MagicalThreading.m in Sources */ = {isa = PBXBuildFile; fileRef = 90F0F3D0195EA06D00C08177 /* NSManagedObjectContext+MagicalThreading.m */; };
		90F0F3FA195EA06D00C08177 /* NSManagedObjectModel+MagicalRecord.m in Sources */ = {isa = PBXBuildFile; fileRef = 90F0F3D2195EA06D00C08177 /* NSManagedObjectModel+MagicalRecord.m */; };
		90F0F3FB195EA06D00C08177 /* NSPersistentStore+MagicalRecord.m in Sources */ = {isa = PBXBuildFile; fileRef = 90F0F3D4195EA06D00C08177 /* NSPersistentStore+MagicalRecord.m */; };
		90F0F3FC195EA06D00C08177 /* NSPersistentStoreCoordinator+MagicalRecord.m in Sources */ = {isa = PBXBuildFile; fileRef = 90F0F3D6195EA06D00C08177 /* NSPersistentStoreCoordinator+MagicalRecord.m */; };
		90F0F3FD195EA06D00C08177 /* MagicalRecord+Actions.m in Sources */ = {isa = PBXBuildFile; fileRef = 90F0F3D9195EA06D00C08177 /* MagicalRecord+Actions.m */; };
		90F0F3FE195EA06D00C08177 /* MagicalRecord+ErrorHandling.m in Sources */ = {isa = PBXBuildFile; fileRef = 90F0F3DB195EA06D00C08177 /* MagicalRecord+ErrorHandling.m */; };
		90F0F3FF195EA06D00C08177 /* MagicalRecord+iCloud.m in Sources */ = {isa = PBXBuildFile; fileRef = 90F0F3DD195EA06D00C08177 /* MagicalRecord+iCloud.m */; };
		90F0F400195EA06D00C08177 /* MagicalRecord+Options.m in Sources */ = {isa = PBXBuildFile; fileRef = 90F0F3DF195EA06D00C08177 /* MagicalRecord+Options.m */; };
		90F0F401195EA06D00C08177 /* MagicalRecord+Setup.m in Sources */ = {isa = PBXBuildFile; fileRef = 90F0F3E1195EA06D00C08177 /* MagicalRecord+Setup.m */; };
		90F0F402195EA06D00C08177 /* MagicalRecord+ShorthandSupport.m in Sources */ = {isa = PBXBuildFile; fileRef = 90F0F3E3195EA06D00C08177 /* MagicalRecord+ShorthandSupport.m */; };
		90F0F403195EA06D00C08177 /* MagicalRecord.m in Sources */ = {isa = PBXBuildFile; fileRef = 90F0F3E5195EA06D00C08177 /* MagicalRecord.m */; };
/* End PBXBuildFile section */

/* Begin PBXContainerItemProxy section */
		9093DD4518D3D458004A6CC5 /* PBXContainerItemProxy */ = {
			isa = PBXContainerItemProxy;
			containerPortal = 9093DD1718D3D458004A6CC5 /* Project object */;
			proxyType = 1;
			remoteGlobalIDString = 9093DD1E18D3D458004A6CC5;
			remoteInfo = Milk;
		};
/* End PBXContainerItemProxy section */

/* Begin PBXFileReference section */
		9090C448195EC09400DF3C25 /* MilkColours+UIColor.h */ = {isa = PBXFileReference; fileEncoding = 4; lastKnownFileType = sourcecode.c.h; path = "MilkColours+UIColor.h"; sourceTree = "<group>"; };
		9090C449195EC09400DF3C25 /* MilkColours+UIColor.m */ = {isa = PBXFileReference; fileEncoding = 4; lastKnownFileType = sourcecode.c.objc; path = "MilkColours+UIColor.m"; sourceTree = "<group>"; };
		909243C4196F3CF1004420D6 /* Crashlytics.framework */ = {isa = PBXFileReference; lastKnownFileType = wrapper.framework; path = Crashlytics.framework; sourceTree = "<group>"; };
		9093DD1F18D3D458004A6CC5 /* Milk.app */ = {isa = PBXFileReference; explicitFileType = wrapper.application; includeInIndex = 0; path = Milk.app; sourceTree = BUILT_PRODUCTS_DIR; };
		9093DD2218D3D458004A6CC5 /* Foundation.framework */ = {isa = PBXFileReference; lastKnownFileType = wrapper.framework; name = Foundation.framework; path = System/Library/Frameworks/Foundation.framework; sourceTree = SDKROOT; };
		9093DD2418D3D458004A6CC5 /* CoreGraphics.framework */ = {isa = PBXFileReference; lastKnownFileType = wrapper.framework; name = CoreGraphics.framework; path = System/Library/Frameworks/CoreGraphics.framework; sourceTree = SDKROOT; };
		9093DD2618D3D458004A6CC5 /* UIKit.framework */ = {isa = PBXFileReference; lastKnownFileType = wrapper.framework; name = UIKit.framework; path = System/Library/Frameworks/UIKit.framework; sourceTree = SDKROOT; };
		9093DD2A18D3D458004A6CC5 /* Milk-Info.plist */ = {isa = PBXFileReference; lastKnownFileType = text.plist.xml; path = "Milk-Info.plist"; sourceTree = "<group>"; };
		9093DD2C18D3D458004A6CC5 /* en */ = {isa = PBXFileReference; lastKnownFileType = text.plist.strings; name = en; path = en.lproj/InfoPlist.strings; sourceTree = "<group>"; };
		9093DD2E18D3D458004A6CC5 /* main.m */ = {isa = PBXFileReference; lastKnownFileType = sourcecode.c.objc; path = main.m; sourceTree = "<group>"; };
		9093DD3018D3D458004A6CC5 /* Milk-Prefix.pch */ = {isa = PBXFileReference; lastKnownFileType = sourcecode.c.h; path = "Milk-Prefix.pch"; sourceTree = "<group>"; };
		9093DD3118D3D458004A6CC5 /* MilkAppDelegate.h */ = {isa = PBXFileReference; lastKnownFileType = sourcecode.c.h; path = MilkAppDelegate.h; sourceTree = "<group>"; };
		9093DD3218D3D458004A6CC5 /* MilkAppDelegate.m */ = {isa = PBXFileReference; lastKnownFileType = sourcecode.c.objc; path = MilkAppDelegate.m; sourceTree = "<group>"; };
		9093DD3518D3D458004A6CC5 /* Base */ = {isa = PBXFileReference; lastKnownFileType = file.storyboard; name = Base; path = Base.lproj/Main.storyboard; sourceTree = "<group>"; };
		9093DD3718D3D458004A6CC5 /* MilkListListViewController.h */ = {isa = PBXFileReference; lastKnownFileType = sourcecode.c.h; path = MilkListListViewController.h; sourceTree = "<group>"; };
		9093DD3818D3D458004A6CC5 /* MilkListListViewController.m */ = {isa = PBXFileReference; lastKnownFileType = sourcecode.c.objc; path = MilkListListViewController.m; sourceTree = "<group>"; };
		9093DD3A18D3D458004A6CC5 /* Images.xcassets */ = {isa = PBXFileReference; lastKnownFileType = folder.assetcatalog; path = Images.xcassets; sourceTree = "<group>"; };
		9093DD4018D3D458004A6CC5 /* MilkTests.xctest */ = {isa = PBXFileReference; explicitFileType = wrapper.cfbundle; includeInIndex = 0; path = MilkTests.xctest; sourceTree = BUILT_PRODUCTS_DIR; };
		9093DD4118D3D458004A6CC5 /* XCTest.framework */ = {isa = PBXFileReference; lastKnownFileType = wrapper.framework; name = XCTest.framework; path = Library/Frameworks/XCTest.framework; sourceTree = DEVELOPER_DIR; };
		9093DD4918D3D458004A6CC5 /* MilkTests-Info.plist */ = {isa = PBXFileReference; lastKnownFileType = text.plist.xml; path = "MilkTests-Info.plist"; sourceTree = "<group>"; };
		9093DD4B18D3D458004A6CC5 /* en */ = {isa = PBXFileReference; lastKnownFileType = text.plist.strings; name = en; path = en.lproj/InfoPlist.strings; sourceTree = "<group>"; };
		9093DD4D18D3D458004A6CC5 /* MilkTests.m */ = {isa = PBXFileReference; lastKnownFileType = sourcecode.c.objc; path = MilkTests.m; sourceTree = "<group>"; };
		9093DD5718D3DF7B004A6CC5 /* MilkListDetailViewController.h */ = {isa = PBXFileReference; fileEncoding = 4; lastKnownFileType = sourcecode.c.h; path = MilkListDetailViewController.h; sourceTree = "<group>"; };
		9093DD5818D3DF7B004A6CC5 /* MilkListDetailViewController.m */ = {isa = PBXFileReference; fileEncoding = 4; lastKnownFileType = sourcecode.c.objc; path = MilkListDetailViewController.m; sourceTree = "<group>"; };
		9093DD5F18D3DFF4004A6CC5 /* Milk.xcdatamodel */ = {isa = PBXFileReference; lastKnownFileType = wrapper.xcdatamodel; path = Milk.xcdatamodel; sourceTree = "<group>"; };
		9093DD6118D3E0DB004A6CC5 /* List.h */ = {isa = PBXFileReference; fileEncoding = 4; lastKnownFileType = sourcecode.c.h; path = List.h; sourceTree = "<group>"; };
		9093DD6218D3E0DB004A6CC5 /* List.m */ = {isa = PBXFileReference; fileEncoding = 4; lastKnownFileType = sourcecode.c.objc; path = List.m; sourceTree = "<group>"; };
		9093DD6418D3E0DC004A6CC5 /* Product.h */ = {isa = PBXFileReference; fileEncoding = 4; lastKnownFileType = sourcecode.c.h; path = Product.h; sourceTree = "<group>"; };
		9093DD6518D3E0DC004A6CC5 /* Product.m */ = {isa = PBXFileReference; fileEncoding = 4; lastKnownFileType = sourcecode.c.objc; path = Product.m; sourceTree = "<group>"; };
		9093DD6818D425D8004A6CC5 /* MilkProductTableViewCell.h */ = {isa = PBXFileReference; fileEncoding = 4; lastKnownFileType = sourcecode.c.h; path = MilkProductTableViewCell.h; sourceTree = "<group>"; };
		9093DD6918D425D8004A6CC5 /* MilkProductTableViewCell.m */ = {isa = PBXFileReference; fileEncoding = 4; lastKnownFileType = sourcecode.c.objc; path = MilkProductTableViewCell.m; sourceTree = "<group>"; };
		9093DD6B18D4317F004A6CC5 /* Reveal.framework */ = {isa = PBXFileReference; lastKnownFileType = wrapper.framework; name = Reveal.framework; path = "../../../../Applications/Reveal.app/Contents/SharedSupport/iOS-Libraries/Reveal.framework"; sourceTree = "<group>"; };
		9093DD7118D436CC004A6CC5 /* MilkProductTextField.h */ = {isa = PBXFileReference; fileEncoding = 4; lastKnownFileType = sourcecode.c.h; path = MilkProductTextField.h; sourceTree = "<group>"; };
		9093DD7218D436CC004A6CC5 /* MilkProductTextField.m */ = {isa = PBXFileReference; fileEncoding = 4; lastKnownFileType = sourcecode.c.objc; path = MilkProductTextField.m; sourceTree = "<group>"; };
		90F0F3AF195EA06D00C08177 /* MagicalImportFunctions.h */ = {isa = PBXFileReference; fileEncoding = 4; lastKnownFileType = sourcecode.c.h; path = MagicalImportFunctions.h; sourceTree = "<group>"; };
		90F0F3B0195EA06D00C08177 /* MagicalImportFunctions.m */ = {isa = PBXFileReference; fileEncoding = 4; lastKnownFileType = sourcecode.c.objc; path = MagicalImportFunctions.m; sourceTree = "<group>"; };
		90F0F3B1195EA06D00C08177 /* NSAttributeDescription+MagicalDataImport.h */ = {isa = PBXFileReference; fileEncoding = 4; lastKnownFileType = sourcecode.c.h; path = "NSAttributeDescription+MagicalDataImport.h"; sourceTree = "<group>"; };
		90F0F3B2195EA06D00C08177 /* NSAttributeDescription+MagicalDataImport.m */ = {isa = PBXFileReference; fileEncoding = 4; lastKnownFileType = sourcecode.c.objc; path = "NSAttributeDescription+MagicalDataImport.m"; sourceTree = "<group>"; };
		90F0F3B3195EA06D00C08177 /* NSEntityDescription+MagicalDataImport.h */ = {isa = PBXFileReference; fileEncoding = 4; lastKnownFileType = sourcecode.c.h; path = "NSEntityDescription+MagicalDataImport.h"; sourceTree = "<group>"; };
		90F0F3B4195EA06D00C08177 /* NSEntityDescription+MagicalDataImport.m */ = {isa = PBXFileReference; fileEncoding = 4; lastKnownFileType = sourcecode.c.objc; path = "NSEntityDescription+MagicalDataImport.m"; sourceTree = "<group>"; };
		90F0F3B5195EA06D00C08177 /* NSNumber+MagicalDataImport.h */ = {isa = PBXFileReference; fileEncoding = 4; lastKnownFileType = sourcecode.c.h; path = "NSNumber+MagicalDataImport.h"; sourceTree = "<group>"; };
		90F0F3B6195EA06D00C08177 /* NSNumber+MagicalDataImport.m */ = {isa = PBXFileReference; fileEncoding = 4; lastKnownFileType = sourcecode.c.objc; path = "NSNumber+MagicalDataImport.m"; sourceTree = "<group>"; };
		90F0F3B7195EA06D00C08177 /* NSObject+MagicalDataImport.h */ = {isa = PBXFileReference; fileEncoding = 4; lastKnownFileType = sourcecode.c.h; path = "NSObject+MagicalDataImport.h"; sourceTree = "<group>"; };
		90F0F3B8195EA06D00C08177 /* NSObject+MagicalDataImport.m */ = {isa = PBXFileReference; fileEncoding = 4; lastKnownFileType = sourcecode.c.objc; path = "NSObject+MagicalDataImport.m"; sourceTree = "<group>"; };
		90F0F3B9195EA06D00C08177 /* NSRelationshipDescription+MagicalDataImport.h */ = {isa = PBXFileReference; fileEncoding = 4; lastKnownFileType = sourcecode.c.h; path = "NSRelationshipDescription+MagicalDataImport.h"; sourceTree = "<group>"; };
		90F0F3BA195EA06D00C08177 /* NSRelationshipDescription+MagicalDataImport.m */ = {isa = PBXFileReference; fileEncoding = 4; lastKnownFileType = sourcecode.c.objc; path = "NSRelationshipDescription+MagicalDataImport.m"; sourceTree = "<group>"; };
		90F0F3BB195EA06D00C08177 /* NSString+MagicalDataImport.h */ = {isa = PBXFileReference; fileEncoding = 4; lastKnownFileType = sourcecode.c.h; path = "NSString+MagicalDataImport.h"; sourceTree = "<group>"; };
		90F0F3BC195EA06D00C08177 /* NSString+MagicalDataImport.m */ = {isa = PBXFileReference; fileEncoding = 4; lastKnownFileType = sourcecode.c.objc; path = "NSString+MagicalDataImport.m"; sourceTree = "<group>"; };
		90F0F3BE195EA06D00C08177 /* NSManagedObject+MagicalAggregation.h */ = {isa = PBXFileReference; fileEncoding = 4; lastKnownFileType = sourcecode.c.h; path = "NSManagedObject+MagicalAggregation.h"; sourceTree = "<group>"; };
		90F0F3BF195EA06D00C08177 /* NSManagedObject+MagicalAggregation.m */ = {isa = PBXFileReference; fileEncoding = 4; lastKnownFileType = sourcecode.c.objc; path = "NSManagedObject+MagicalAggregation.m"; sourceTree = "<group>"; };
		90F0F3C0195EA06D00C08177 /* NSManagedObject+MagicalDataImport.h */ = {isa = PBXFileReference; fileEncoding = 4; lastKnownFileType = sourcecode.c.h; path = "NSManagedObject+MagicalDataImport.h"; sourceTree = "<group>"; };
		90F0F3C1195EA06D00C08177 /* NSManagedObject+MagicalDataImport.m */ = {isa = PBXFileReference; fileEncoding = 4; lastKnownFileType = sourcecode.c.objc; path = "NSManagedObject+MagicalDataImport.m"; sourceTree = "<group>"; };
		90F0F3C2195EA06D00C08177 /* NSManagedObject+MagicalFinders.h */ = {isa = PBXFileReference; fileEncoding = 4; lastKnownFileType = sourcecode.c.h; path = "NSManagedObject+MagicalFinders.h"; sourceTree = "<group>"; };
		90F0F3C3195EA06D00C08177 /* NSManagedObject+MagicalFinders.m */ = {isa = PBXFileReference; fileEncoding = 4; lastKnownFileType = sourcecode.c.objc; path = "NSManagedObject+MagicalFinders.m"; sourceTree = "<group>"; };
		90F0F3C4195EA06D00C08177 /* NSManagedObject+MagicalRecord.h */ = {isa = PBXFileReference; fileEncoding = 4; lastKnownFileType = sourcecode.c.h; path = "NSManagedObject+MagicalRecord.h"; sourceTree = "<group>"; };
		90F0F3C5195EA06D00C08177 /* NSManagedObject+MagicalRecord.m */ = {isa = PBXFileReference; fileEncoding = 4; lastKnownFileType = sourcecode.c.objc; path = "NSManagedObject+MagicalRecord.m"; sourceTree = "<group>"; };
		90F0F3C6195EA06D00C08177 /* NSManagedObject+MagicalRequests.h */ = {isa = PBXFileReference; fileEncoding = 4; lastKnownFileType = sourcecode.c.h; path = "NSManagedObject+MagicalRequests.h"; sourceTree = "<group>"; };
		90F0F3C7195EA06D00C08177 /* NSManagedObject+MagicalRequests.m */ = {isa = PBXFileReference; fileEncoding = 4; lastKnownFileType = sourcecode.c.objc; path = "NSManagedObject+MagicalRequests.m"; sourceTree = "<group>"; };
		90F0F3C9195EA06D00C08177 /* NSManagedObjectContext+MagicalObserving.h */ = {isa = PBXFileReference; fileEncoding = 4; lastKnownFileType = sourcecode.c.h; path = "NSManagedObjectContext+MagicalObserving.h"; sourceTree = "<group>"; };
		90F0F3CA195EA06D00C08177 /* NSManagedObjectContext+MagicalObserving.m */ = {isa = PBXFileReference; fileEncoding = 4; lastKnownFileType = sourcecode.c.objc; path = "NSManagedObjectContext+MagicalObserving.m"; sourceTree = "<group>"; };
		90F0F3CB195EA06D00C08177 /* NSManagedObjectContext+MagicalRecord.h */ = {isa = PBXFileReference; fileEncoding = 4; lastKnownFileType = sourcecode.c.h; path = "NSManagedObjectContext+MagicalRecord.h"; sourceTree = "<group>"; };
		90F0F3CC195EA06D00C08177 /* NSManagedObjectContext+MagicalRecord.m */ = {isa = PBXFileReference; fileEncoding = 4; lastKnownFileType = sourcecode.c.objc; path = "NSManagedObjectContext+MagicalRecord.m"; sourceTree = "<group>"; };
		90F0F3CD195EA06D00C08177 /* NSManagedObjectContext+MagicalSaves.h */ = {isa = PBXFileReference; fileEncoding = 4; lastKnownFileType = sourcecode.c.h; path = "NSManagedObjectContext+MagicalSaves.h"; sourceTree = "<group>"; };
		90F0F3CE195EA06D00C08177 /* NSManagedObjectContext+MagicalSaves.m */ = {isa = PBXFileReference; fileEncoding = 4; lastKnownFileType = sourcecode.c.objc; path = "NSManagedObjectContext+MagicalSaves.m"; sourceTree = "<group>"; };
		90F0F3CF195EA06D00C08177 /* NSManagedObjectContext+MagicalThreading.h */ = {isa = PBXFileReference; fileEncoding = 4; lastKnownFileType = sourcecode.c.h; path = "NSManagedObjectContext+MagicalThreading.h"; sourceTree = "<group>"; };
		90F0F3D0195EA06D00C08177 /* NSManagedObjectContext+MagicalThreading.m */ = {isa = PBXFileReference; fileEncoding = 4; lastKnownFileType = sourcecode.c.objc; path = "NSManagedObjectContext+MagicalThreading.m"; sourceTree = "<group>"; };
		90F0F3D1195EA06D00C08177 /* NSManagedObjectModel+MagicalRecord.h */ = {isa = PBXFileReference; fileEncoding = 4; lastKnownFileType = sourcecode.c.h; path = "NSManagedObjectModel+MagicalRecord.h"; sourceTree = "<group>"; };
		90F0F3D2195EA06D00C08177 /* NSManagedObjectModel+MagicalRecord.m */ = {isa = PBXFileReference; fileEncoding = 4; lastKnownFileType = sourcecode.c.objc; path = "NSManagedObjectModel+MagicalRecord.m"; sourceTree = "<group>"; };
		90F0F3D3195EA06D00C08177 /* NSPersistentStore+MagicalRecord.h */ = {isa = PBXFileReference; fileEncoding = 4; lastKnownFileType = sourcecode.c.h; path = "NSPersistentStore+MagicalRecord.h"; sourceTree = "<group>"; };
		90F0F3D4195EA06D00C08177 /* NSPersistentStore+MagicalRecord.m */ = {isa = PBXFileReference; fileEncoding = 4; lastKnownFileType = sourcecode.c.objc; path = "NSPersistentStore+MagicalRecord.m"; sourceTree = "<group>"; };
		90F0F3D5195EA06D00C08177 /* NSPersistentStoreCoordinator+MagicalRecord.h */ = {isa = PBXFileReference; fileEncoding = 4; lastKnownFileType = sourcecode.c.h; path = "NSPersistentStoreCoordinator+MagicalRecord.h"; sourceTree = "<group>"; };
		90F0F3D6195EA06D00C08177 /* NSPersistentStoreCoordinator+MagicalRecord.m */ = {isa = PBXFileReference; fileEncoding = 4; lastKnownFileType = sourcecode.c.objc; path = "NSPersistentStoreCoordinator+MagicalRecord.m"; sourceTree = "<group>"; };
		90F0F3D8195EA06D00C08177 /* MagicalRecord+Actions.h */ = {isa = PBXFileReference; fileEncoding = 4; lastKnownFileType = sourcecode.c.h; path = "MagicalRecord+Actions.h"; sourceTree = "<group>"; };
		90F0F3D9195EA06D00C08177 /* MagicalRecord+Actions.m */ = {isa = PBXFileReference; fileEncoding = 4; lastKnownFileType = sourcecode.c.objc; path = "MagicalRecord+Actions.m"; sourceTree = "<group>"; };
		90F0F3DA195EA06D00C08177 /* MagicalRecord+ErrorHandling.h */ = {isa = PBXFileReference; fileEncoding = 4; lastKnownFileType = sourcecode.c.h; path = "MagicalRecord+ErrorHandling.h"; sourceTree = "<group>"; };
		90F0F3DB195EA06D00C08177 /* MagicalRecord+ErrorHandling.m */ = {isa = PBXFileReference; fileEncoding = 4; lastKnownFileType = sourcecode.c.objc; path = "MagicalRecord+ErrorHandling.m"; sourceTree = "<group>"; };
		90F0F3DC195EA06D00C08177 /* MagicalRecord+iCloud.h */ = {isa = PBXFileReference; fileEncoding = 4; lastKnownFileType = sourcecode.c.h; path = "MagicalRecord+iCloud.h"; sourceTree = "<group>"; };
		90F0F3DD195EA06D00C08177 /* MagicalRecord+iCloud.m */ = {isa = PBXFileReference; fileEncoding = 4; lastKnownFileType = sourcecode.c.objc; path = "MagicalRecord+iCloud.m"; sourceTree = "<group>"; };
		90F0F3DE195EA06D00C08177 /* MagicalRecord+Options.h */ = {isa = PBXFileReference; fileEncoding = 4; lastKnownFileType = sourcecode.c.h; path = "MagicalRecord+Options.h"; sourceTree = "<group>"; };
		90F0F3DF195EA06D00C08177 /* MagicalRecord+Options.m */ = {isa = PBXFileReference; fileEncoding = 4; lastKnownFileType = sourcecode.c.objc; path = "MagicalRecord+Options.m"; sourceTree = "<group>"; };
		90F0F3E0195EA06D00C08177 /* MagicalRecord+Setup.h */ = {isa = PBXFileReference; fileEncoding = 4; lastKnownFileType = sourcecode.c.h; path = "MagicalRecord+Setup.h"; sourceTree = "<group>"; };
		90F0F3E1195EA06D00C08177 /* MagicalRecord+Setup.m */ = {isa = PBXFileReference; fileEncoding = 4; lastKnownFileType = sourcecode.c.objc; path = "MagicalRecord+Setup.m"; sourceTree = "<group>"; };
		90F0F3E2195EA06D00C08177 /* MagicalRecord+ShorthandSupport.h */ = {isa = PBXFileReference; fileEncoding = 4; lastKnownFileType = sourcecode.c.h; path = "MagicalRecord+ShorthandSupport.h"; sourceTree = "<group>"; };
		90F0F3E3195EA06D00C08177 /* MagicalRecord+ShorthandSupport.m */ = {isa = PBXFileReference; fileEncoding = 4; lastKnownFileType = sourcecode.c.objc; path = "MagicalRecord+ShorthandSupport.m"; sourceTree = "<group>"; };
		90F0F3E4195EA06D00C08177 /* MagicalRecord.h */ = {isa = PBXFileReference; fileEncoding = 4; lastKnownFileType = sourcecode.c.h; path = MagicalRecord.h; sourceTree = "<group>"; };
		90F0F3E5195EA06D00C08177 /* MagicalRecord.m */ = {isa = PBXFileReference; fileEncoding = 4; lastKnownFileType = sourcecode.c.objc; path = MagicalRecord.m; sourceTree = "<group>"; };
		90F0F3E6195EA06D00C08177 /* MagicalRecordDeprecated.h */ = {isa = PBXFileReference; fileEncoding = 4; lastKnownFileType = sourcecode.c.h; path = MagicalRecordDeprecated.h; sourceTree = "<group>"; };
		90F0F3E7195EA06D00C08177 /* MagicalRecordLogging.h */ = {isa = PBXFileReference; fileEncoding = 4; lastKnownFileType = sourcecode.c.h; path = MagicalRecordLogging.h; sourceTree = "<group>"; };
		90F0F3E8195EA06D00C08177 /* MagicalRecordShorthand.h */ = {isa = PBXFileReference; fileEncoding = 4; lastKnownFileType = sourcecode.c.h; path = MagicalRecordShorthand.h; sourceTree = "<group>"; };
		90F0F3E9195EA06D00C08177 /* CoreData+MagicalRecord.h */ = {isa = PBXFileReference; fileEncoding = 4; lastKnownFileType = sourcecode.c.h; path = "CoreData+MagicalRecord.h"; sourceTree = "<group>"; };
/* End PBXFileReference section */

/* Begin PBXFrameworksBuildPhase section */
		9093DD1C18D3D458004A6CC5 /* Frameworks */ = {
			isa = PBXFrameworksBuildPhase;
			buildActionMask = 2147483647;
			files = (
				9093DD2518D3D458004A6CC5 /* CoreGraphics.framework in Frameworks */,
				909243C5196F3CF1004420D6 /* Crashlytics.framework in Frameworks */,
				9093DD2718D3D458004A6CC5 /* UIKit.framework in Frameworks */,
				9093DD6C18D4317F004A6CC5 /* Reveal.framework in Frameworks */,
				9093DD2318D3D458004A6CC5 /* Foundation.framework in Frameworks */,
			);
			runOnlyForDeploymentPostprocessing = 0;
		};
		9093DD3D18D3D458004A6CC5 /* Frameworks */ = {
			isa = PBXFrameworksBuildPhase;
			buildActionMask = 2147483647;
			files = (
				9093DD4218D3D458004A6CC5 /* XCTest.framework in Frameworks */,
				9093DD4418D3D458004A6CC5 /* UIKit.framework in Frameworks */,
				9093DD4318D3D458004A6CC5 /* Foundation.framework in Frameworks */,
			);
			runOnlyForDeploymentPostprocessing = 0;
		};
/* End PBXFrameworksBuildPhase section */

/* Begin PBXGroup section */
		9093DD1618D3D458004A6CC5 = {
			isa = PBXGroup;
			children = (
				9093DD2818D3D458004A6CC5 /* Milk */,
				9093DD4718D3D458004A6CC5 /* MilkTests */,
				9093DD2118D3D458004A6CC5 /* Frameworks */,
				9093DD2018D3D458004A6CC5 /* Products */,
			);
			sourceTree = "<group>";
		};
		9093DD2018D3D458004A6CC5 /* Products */ = {
			isa = PBXGroup;
			children = (
				9093DD1F18D3D458004A6CC5 /* Milk.app */,
				9093DD4018D3D458004A6CC5 /* MilkTests.xctest */,
			);
			name = Products;
			sourceTree = "<group>";
		};
		9093DD2118D3D458004A6CC5 /* Frameworks */ = {
			isa = PBXGroup;
			children = (
				90F0F2C5195E9D5700C08177 /* MagicalRecord */,
				9093DD6B18D4317F004A6CC5 /* Reveal.framework */,
				9093DD2218D3D458004A6CC5 /* Foundation.framework */,
				9093DD2418D3D458004A6CC5 /* CoreGraphics.framework */,
				9093DD2618D3D458004A6CC5 /* UIKit.framework */,
				9093DD4118D3D458004A6CC5 /* XCTest.framework */,
				909243C4196F3CF1004420D6 /* Crashlytics.framework */,
			);
			name = Frameworks;
			sourceTree = "<group>";
		};
		9093DD2818D3D458004A6CC5 /* Milk */ = {
			isa = PBXGroup;
			children = (
				9093DD3418D3D458004A6CC5 /* Main.storyboard */,
				9093DD3718D3D458004A6CC5 /* MilkListListViewController.h */,
				9093DD3818D3D458004A6CC5 /* MilkListListViewController.m */,
				9093DD5718D3DF7B004A6CC5 /* MilkListDetailViewController.h */,
				9093DD5818D3DF7B004A6CC5 /* MilkListDetailViewController.m */,
				9093DD6818D425D8004A6CC5 /* MilkProductTableViewCell.h */,
				9093DD6918D425D8004A6CC5 /* MilkProductTableViewCell.m */,
				9093DD7118D436CC004A6CC5 /* MilkProductTextField.h */,
				9093DD7218D436CC004A6CC5 /* MilkProductTextField.m */,
				9093DD3A18D3D458004A6CC5 /* Images.xcassets */,
				9093DD6718D3E0E6004A6CC5 /* Data */,
				9093DD2918D3D458004A6CC5 /* Supporting Files */,
			);
			path = Milk;
			sourceTree = "<group>";
		};
		9093DD2918D3D458004A6CC5 /* Supporting Files */ = {
			isa = PBXGroup;
			children = (
				9090C448195EC09400DF3C25 /* MilkColours+UIColor.h */,
				9090C449195EC09400DF3C25 /* MilkColours+UIColor.m */,
				9093DD3118D3D458004A6CC5 /* MilkAppDelegate.h */,
				9093DD3218D3D458004A6CC5 /* MilkAppDelegate.m */,
				9093DD2A18D3D458004A6CC5 /* Milk-Info.plist */,
				9093DD2B18D3D458004A6CC5 /* InfoPlist.strings */,
				9093DD2E18D3D458004A6CC5 /* main.m */,
				9093DD3018D3D458004A6CC5 /* Milk-Prefix.pch */,
			);
			name = "Supporting Files";
			sourceTree = "<group>";
		};
		9093DD4718D3D458004A6CC5 /* MilkTests */ = {
			isa = PBXGroup;
			children = (
				9093DD4D18D3D458004A6CC5 /* MilkTests.m */,
				9093DD4818D3D458004A6CC5 /* Supporting Files */,
			);
			path = MilkTests;
			sourceTree = "<group>";
		};
		9093DD4818D3D458004A6CC5 /* Supporting Files */ = {
			isa = PBXGroup;
			children = (
				9093DD4918D3D458004A6CC5 /* MilkTests-Info.plist */,
				9093DD4A18D3D458004A6CC5 /* InfoPlist.strings */,
			);
			name = "Supporting Files";
			sourceTree = "<group>";
		};
		9093DD6718D3E0E6004A6CC5 /* Data */ = {
			isa = PBXGroup;
			children = (
				9093DD5E18D3DFF4004A6CC5 /* Milk.xcdatamodeld */,
				9093DD6118D3E0DB004A6CC5 /* List.h */,
				9093DD6218D3E0DB004A6CC5 /* List.m */,
				9093DD6418D3E0DC004A6CC5 /* Product.h */,
				9093DD6518D3E0DC004A6CC5 /* Product.m */,
			);
			name = Data;
			sourceTree = "<group>";
		};
		90F0F2C5195E9D5700C08177 /* MagicalRecord */ = {
			isa = PBXGroup;
			children = (
				90F0F3AD195EA06D00C08177 /* Categories */,
				90F0F3D7195EA06D00C08177 /* Core */,
				90F0F3E9195EA06D00C08177 /* CoreData+MagicalRecord.h */,
			);
			path = MagicalRecord;
			sourceTree = "<group>";
		};
		90F0F3AD195EA06D00C08177 /* Categories */ = {
			isa = PBXGroup;
			children = (
				90F0F3AE195EA06D00C08177 /* DataImport */,
				90F0F3BD195EA06D00C08177 /* NSManagedObject */,
				90F0F3C8195EA06D00C08177 /* NSManagedObjectContext */,
				90F0F3D1195EA06D00C08177 /* NSManagedObjectModel+MagicalRecord.h */,
				90F0F3D2195EA06D00C08177 /* NSManagedObjectModel+MagicalRecord.m */,
				90F0F3D3195EA06D00C08177 /* NSPersistentStore+MagicalRecord.h */,
				90F0F3D4195EA06D00C08177 /* NSPersistentStore+MagicalRecord.m */,
				90F0F3D5195EA06D00C08177 /* NSPersistentStoreCoordinator+MagicalRecord.h */,
				90F0F3D6195EA06D00C08177 /* NSPersistentStoreCoordinator+MagicalRecord.m */,
			);
			path = Categories;
			sourceTree = "<group>";
		};
		90F0F3AE195EA06D00C08177 /* DataImport */ = {
			isa = PBXGroup;
			children = (
				90F0F3AF195EA06D00C08177 /* MagicalImportFunctions.h */,
				90F0F3B0195EA06D00C08177 /* MagicalImportFunctions.m */,
				90F0F3B1195EA06D00C08177 /* NSAttributeDescription+MagicalDataImport.h */,
				90F0F3B2195EA06D00C08177 /* NSAttributeDescription+MagicalDataImport.m */,
				90F0F3B3195EA06D00C08177 /* NSEntityDescription+MagicalDataImport.h */,
				90F0F3B4195EA06D00C08177 /* NSEntityDescription+MagicalDataImport.m */,
				90F0F3B5195EA06D00C08177 /* NSNumber+MagicalDataImport.h */,
				90F0F3B6195EA06D00C08177 /* NSNumber+MagicalDataImport.m */,
				90F0F3B7195EA06D00C08177 /* NSObject+MagicalDataImport.h */,
				90F0F3B8195EA06D00C08177 /* NSObject+MagicalDataImport.m */,
				90F0F3B9195EA06D00C08177 /* NSRelationshipDescription+MagicalDataImport.h */,
				90F0F3BA195EA06D00C08177 /* NSRelationshipDescription+MagicalDataImport.m */,
				90F0F3BB195EA06D00C08177 /* NSString+MagicalDataImport.h */,
				90F0F3BC195EA06D00C08177 /* NSString+MagicalDataImport.m */,
			);
			path = DataImport;
			sourceTree = "<group>";
		};
		90F0F3BD195EA06D00C08177 /* NSManagedObject */ = {
			isa = PBXGroup;
			children = (
				90F0F3BE195EA06D00C08177 /* NSManagedObject+MagicalAggregation.h */,
				90F0F3BF195EA06D00C08177 /* NSManagedObject+MagicalAggregation.m */,
				90F0F3C0195EA06D00C08177 /* NSManagedObject+MagicalDataImport.h */,
				90F0F3C1195EA06D00C08177 /* NSManagedObject+MagicalDataImport.m */,
				90F0F3C2195EA06D00C08177 /* NSManagedObject+MagicalFinders.h */,
				90F0F3C3195EA06D00C08177 /* NSManagedObject+MagicalFinders.m */,
				90F0F3C4195EA06D00C08177 /* NSManagedObject+MagicalRecord.h */,
				90F0F3C5195EA06D00C08177 /* NSManagedObject+MagicalRecord.m */,
				90F0F3C6195EA06D00C08177 /* NSManagedObject+MagicalRequests.h */,
				90F0F3C7195EA06D00C08177 /* NSManagedObject+MagicalRequests.m */,
			);
			path = NSManagedObject;
			sourceTree = "<group>";
		};
		90F0F3C8195EA06D00C08177 /* NSManagedObjectContext */ = {
			isa = PBXGroup;
			children = (
				90F0F3C9195EA06D00C08177 /* NSManagedObjectContext+MagicalObserving.h */,
				90F0F3CA195EA06D00C08177 /* NSManagedObjectContext+MagicalObserving.m */,
				90F0F3CB195EA06D00C08177 /* NSManagedObjectContext+MagicalRecord.h */,
				90F0F3CC195EA06D00C08177 /* NSManagedObjectContext+MagicalRecord.m */,
				90F0F3CD195EA06D00C08177 /* NSManagedObjectContext+MagicalSaves.h */,
				90F0F3CE195EA06D00C08177 /* NSManagedObjectContext+MagicalSaves.m */,
				90F0F3CF195EA06D00C08177 /* NSManagedObjectContext+MagicalThreading.h */,
				90F0F3D0195EA06D00C08177 /* NSManagedObjectContext+MagicalThreading.m */,
			);
			path = NSManagedObjectContext;
			sourceTree = "<group>";
		};
		90F0F3D7195EA06D00C08177 /* Core */ = {
			isa = PBXGroup;
			children = (
				90F0F3D8195EA06D00C08177 /* MagicalRecord+Actions.h */,
				90F0F3D9195EA06D00C08177 /* MagicalRecord+Actions.m */,
				90F0F3DA195EA06D00C08177 /* MagicalRecord+ErrorHandling.h */,
				90F0F3DB195EA06D00C08177 /* MagicalRecord+ErrorHandling.m */,
				90F0F3DC195EA06D00C08177 /* MagicalRecord+iCloud.h */,
				90F0F3DD195EA06D00C08177 /* MagicalRecord+iCloud.m */,
				90F0F3DE195EA06D00C08177 /* MagicalRecord+Options.h */,
				90F0F3DF195EA06D00C08177 /* MagicalRecord+Options.m */,
				90F0F3E0195EA06D00C08177 /* MagicalRecord+Setup.h */,
				90F0F3E1195EA06D00C08177 /* MagicalRecord+Setup.m */,
				90F0F3E2195EA06D00C08177 /* MagicalRecord+ShorthandSupport.h */,
				90F0F3E3195EA06D00C08177 /* MagicalRecord+ShorthandSupport.m */,
				90F0F3E4195EA06D00C08177 /* MagicalRecord.h */,
				90F0F3E5195EA06D00C08177 /* MagicalRecord.m */,
				90F0F3E6195EA06D00C08177 /* MagicalRecordDeprecated.h */,
				90F0F3E7195EA06D00C08177 /* MagicalRecordLogging.h */,
				90F0F3E8195EA06D00C08177 /* MagicalRecordShorthand.h */,
			);
			path = Core;
			sourceTree = "<group>";
		};
/* End PBXGroup section */

/* Begin PBXNativeTarget section */
		9093DD1E18D3D458004A6CC5 /* Milk */ = {
			isa = PBXNativeTarget;
			buildConfigurationList = 9093DD5118D3D458004A6CC5 /* Build configuration list for PBXNativeTarget "Milk" */;
			buildPhases = (
				9093DD1B18D3D458004A6CC5 /* Sources */,
				9093DD1C18D3D458004A6CC5 /* Frameworks */,
				9093DD1D18D3D458004A6CC5 /* Resources */,
				909243C3196F3B1A004420D6 /* Crashlytics */,
			);
			buildRules = (
			);
			dependencies = (
			);
			name = Milk;
			productName = Milk;
			productReference = 9093DD1F18D3D458004A6CC5 /* Milk.app */;
			productType = "com.apple.product-type.application";
		};
		9093DD3F18D3D458004A6CC5 /* MilkTests */ = {
			isa = PBXNativeTarget;
			buildConfigurationList = 9093DD5418D3D458004A6CC5 /* Build configuration list for PBXNativeTarget "MilkTests" */;
			buildPhases = (
				9093DD3C18D3D458004A6CC5 /* Sources */,
				9093DD3D18D3D458004A6CC5 /* Frameworks */,
				9093DD3E18D3D458004A6CC5 /* Resources */,
			);
			buildRules = (
			);
			dependencies = (
				9093DD4618D3D458004A6CC5 /* PBXTargetDependency */,
			);
			name = MilkTests;
			productName = MilkTests;
			productReference = 9093DD4018D3D458004A6CC5 /* MilkTests.xctest */;
			productType = "com.apple.product-type.bundle.unit-test";
		};
/* End PBXNativeTarget section */

/* Begin PBXProject section */
		9093DD1718D3D458004A6CC5 /* Project object */ = {
			isa = PBXProject;
			attributes = {
				CLASSPREFIX = Milk;
				LastUpgradeCheck = 0510;
				ORGANIZATIONNAME = "The Milk Co.";
				TargetAttributes = {
					9093DD3F18D3D458004A6CC5 = {
						TestTargetID = 9093DD1E18D3D458004A6CC5;
					};
				};
			};
			buildConfigurationList = 9093DD1A18D3D458004A6CC5 /* Build configuration list for PBXProject "Milk" */;
			compatibilityVersion = "Xcode 3.2";
			developmentRegion = English;
			hasScannedForEncodings = 0;
			knownRegions = (
				en,
				Base,
			);
			mainGroup = 9093DD1618D3D458004A6CC5;
			productRefGroup = 9093DD2018D3D458004A6CC5 /* Products */;
			projectDirPath = "";
			projectRoot = "";
			targets = (
				9093DD1E18D3D458004A6CC5 /* Milk */,
				9093DD3F18D3D458004A6CC5 /* MilkTests */,
			);
		};
/* End PBXProject section */

/* Begin PBXResourcesBuildPhase section */
		9093DD1D18D3D458004A6CC5 /* Resources */ = {
			isa = PBXResourcesBuildPhase;
			buildActionMask = 2147483647;
			files = (
				9093DD3B18D3D458004A6CC5 /* Images.xcassets in Resources */,
				9093DD2D18D3D458004A6CC5 /* InfoPlist.strings in Resources */,
				9093DD3618D3D458004A6CC5 /* Main.storyboard in Resources */,
			);
			runOnlyForDeploymentPostprocessing = 0;
		};
		9093DD3E18D3D458004A6CC5 /* Resources */ = {
			isa = PBXResourcesBuildPhase;
			buildActionMask = 2147483647;
			files = (
				9093DD4C18D3D458004A6CC5 /* InfoPlist.strings in Resources */,
			);
			runOnlyForDeploymentPostprocessing = 0;
		};
/* End PBXResourcesBuildPhase section */

/* Begin PBXShellScriptBuildPhase section */
		909243C3196F3B1A004420D6 /* Crashlytics */ = {
			isa = PBXShellScriptBuildPhase;
			buildActionMask = 2147483647;
			files = (
			);
			inputPaths = (
			);
			name = Crashlytics;
			outputPaths = (
			);
			runOnlyForDeploymentPostprocessing = 0;
			shellPath = /bin/sh;
			shellScript = "./Crashlytics.framework/run 9454b0e9cf8d7424a89af9eebc725d9a1cf82090 2d63115e5571817716941f7f37191ee67e71ce06c95fa8f9c50cf6aadd4a5b0b";
		};
/* End PBXShellScriptBuildPhase section */

/* Begin PBXSourcesBuildPhase section */
		9093DD1B18D3D458004A6CC5 /* Sources */ = {
			isa = PBXSourcesBuildPhase;
			buildActionMask = 2147483647;
			files = (
				9093DD6618D3E0DC004A6CC5 /* Product.m in Sources */,
				90F0F3EE195EA06D00C08177 /* NSObject+MagicalDataImport.m in Sources */,
				90F0F3FC195EA06D00C08177 /* NSPersistentStoreCoordinator+MagicalRecord.m in Sources */,
				9093DD5918D3DF7B004A6CC5 /* MilkListDetailViewController.m in Sources */,
				90F0F3ED195EA06D00C08177 /* NSNumber+MagicalDataImport.m in Sources */,
				90F0F3F7195EA06D00C08177 /* NSManagedObjectContext+MagicalRecord.m in Sources */,
				90F0F3F9195EA06D00C08177 /* NSManagedObjectContext+MagicalThreading.m in Sources */,
				9093DD2F18D3D458004A6CC5 /* main.m in Sources */,
				9093DD6018D3DFF4004A6CC5 /* Milk.xcdatamodeld in Sources */,
				90F0F3EF195EA06D00C08177 /* NSRelationshipDescription+MagicalDataImport.m in Sources */,
				90F0F3F5195EA06D00C08177 /* NSManagedObject+MagicalRequests.m in Sources */,
				90F0F403195EA06D00C08177 /* MagicalRecord.m in Sources */,
				9093DD7318D436CC004A6CC5 /* MilkProductTextField.m in Sources */,
				90F0F3FB195EA06D00C08177 /* NSPersistentStore+MagicalRecord.m in Sources */,
				90F0F3FA195EA06D00C08177 /* NSManagedObjectModel+MagicalRecord.m in Sources */,
				90F0F3EB195EA06D00C08177 /* NSAttributeDescription+MagicalDataImport.m in Sources */,
				90F0F3EA195EA06D00C08177 /* MagicalImportFunctions.m in Sources */,
				9093DD6318D3E0DB004A6CC5 /* List.m in Sources */,
				90F0F3F6195EA06D00C08177 /* NSManagedObjectContext+MagicalObserving.m in Sources */,
				90F0F401195EA06D00C08177 /* MagicalRecord+Setup.m in Sources */,
				90F0F3F1195EA06D00C08177 /* NSManagedObject+MagicalAggregation.m in Sources */,
				90F0F402195EA06D00C08177 /* MagicalRecord+ShorthandSupport.m in Sources */,
				9093DD3918D3D458004A6CC5 /* MilkListListViewController.m in Sources */,
				9093DD6A18D425D8004A6CC5 /* MilkProductTableViewCell.m in Sources */,
				9090C44A195EC09400DF3C25 /* MilkColours+UIColor.m in Sources */,
				90F0F3F0195EA06D00C08177 /* NSString+MagicalDataImport.m in Sources */,
				90F0F400195EA06D00C08177 /* MagicalRecord+Options.m in Sources */,
				90F0F3F4195EA06D00C08177 /* NSManagedObject+MagicalRecord.m in Sources */,
				90F0F3FD195EA06D00C08177 /* MagicalRecord+Actions.m in Sources */,
				90F0F3F2195EA06D00C08177 /* NSManagedObject+MagicalDataImport.m in Sources */,
				90F0F3FF195EA06D00C08177 /* MagicalRecord+iCloud.m in Sources */,
				90F0F3EC195EA06D00C08177 /* NSEntityDescription+MagicalDataImport.m in Sources */,
				90F0F3F8195EA06D00C08177 /* NSManagedObjectContext+MagicalSaves.m in Sources */,
				90F0F3F3195EA06D00C08177 /* NSManagedObject+MagicalFinders.m in Sources */,
				9093DD3318D3D458004A6CC5 /* MilkAppDelegate.m in Sources */,
				90F0F3FE195EA06D00C08177 /* MagicalRecord+ErrorHandling.m in Sources */,
			);
			runOnlyForDeploymentPostprocessing = 0;
		};
		9093DD3C18D3D458004A6CC5 /* Sources */ = {
			isa = PBXSourcesBuildPhase;
			buildActionMask = 2147483647;
			files = (
				9093DD4E18D3D458004A6CC5 /* MilkTests.m in Sources */,
			);
			runOnlyForDeploymentPostprocessing = 0;
		};
/* End PBXSourcesBuildPhase section */

/* Begin PBXTargetDependency section */
		9093DD4618D3D458004A6CC5 /* PBXTargetDependency */ = {
			isa = PBXTargetDependency;
			target = 9093DD1E18D3D458004A6CC5 /* Milk */;
			targetProxy = 9093DD4518D3D458004A6CC5 /* PBXContainerItemProxy */;
		};
/* End PBXTargetDependency section */

/* Begin PBXVariantGroup section */
		9093DD2B18D3D458004A6CC5 /* InfoPlist.strings */ = {
			isa = PBXVariantGroup;
			children = (
				9093DD2C18D3D458004A6CC5 /* en */,
			);
			name = InfoPlist.strings;
			sourceTree = "<group>";
		};
		9093DD3418D3D458004A6CC5 /* Main.storyboard */ = {
			isa = PBXVariantGroup;
			children = (
				9093DD3518D3D458004A6CC5 /* Base */,
			);
			name = Main.storyboard;
			sourceTree = "<group>";
		};
		9093DD4A18D3D458004A6CC5 /* InfoPlist.strings */ = {
			isa = PBXVariantGroup;
			children = (
				9093DD4B18D3D458004A6CC5 /* en */,
			);
			name = InfoPlist.strings;
			sourceTree = "<group>";
		};
/* End PBXVariantGroup section */

/* Begin XCBuildConfiguration section */
		9093DD4F18D3D458004A6CC5 /* Debug */ = {
			isa = XCBuildConfiguration;
			buildSettings = {
				ALWAYS_SEARCH_USER_PATHS = NO;
				CLANG_CXX_LANGUAGE_STANDARD = "gnu++0x";
				CLANG_CXX_LIBRARY = "libc++";
				CLANG_ENABLE_MODULES = YES;
				CLANG_ENABLE_OBJC_ARC = YES;
				CLANG_WARN_BOOL_CONVERSION = YES;
				CLANG_WARN_CONSTANT_CONVERSION = YES;
				CLANG_WARN_DIRECT_OBJC_ISA_USAGE = YES_ERROR;
				CLANG_WARN_EMPTY_BODY = YES;
				CLANG_WARN_ENUM_CONVERSION = YES;
				CLANG_WARN_INT_CONVERSION = YES;
				CLANG_WARN_OBJC_ROOT_CLASS = YES_ERROR;
				CLANG_WARN__DUPLICATE_METHOD_MATCH = YES;
				"CODE_SIGN_IDENTITY[sdk=iphoneos*]" = "iPhone Developer";
				COPY_PHASE_STRIP = NO;
				GCC_C_LANGUAGE_STANDARD = gnu99;
				GCC_DYNAMIC_NO_PIC = NO;
				GCC_OPTIMIZATION_LEVEL = 0;
				GCC_PREPROCESSOR_DEFINITIONS = (
					"DEBUG=1",
					"$(inherited)",
				);
				GCC_SYMBOLS_PRIVATE_EXTERN = NO;
				GCC_WARN_64_TO_32_BIT_CONVERSION = YES;
				GCC_WARN_ABOUT_RETURN_TYPE = YES_ERROR;
				GCC_WARN_UNDECLARED_SELECTOR = YES;
				GCC_WARN_UNINITIALIZED_AUTOS = YES_AGGRESSIVE;
				GCC_WARN_UNUSED_FUNCTION = YES;
				GCC_WARN_UNUSED_VARIABLE = YES;
				IPHONEOS_DEPLOYMENT_TARGET = 7.1;
				ONLY_ACTIVE_ARCH = YES;
				SDKROOT = iphoneos;
			};
			name = Debug;
		};
		9093DD5018D3D458004A6CC5 /* Release */ = {
			isa = XCBuildConfiguration;
			buildSettings = {
				ALWAYS_SEARCH_USER_PATHS = NO;
				CLANG_CXX_LANGUAGE_STANDARD = "gnu++0x";
				CLANG_CXX_LIBRARY = "libc++";
				CLANG_ENABLE_MODULES = YES;
				CLANG_ENABLE_OBJC_ARC = YES;
				CLANG_WARN_BOOL_CONVERSION = YES;
				CLANG_WARN_CONSTANT_CONVERSION = YES;
				CLANG_WARN_DIRECT_OBJC_ISA_USAGE = YES_ERROR;
				CLANG_WARN_EMPTY_BODY = YES;
				CLANG_WARN_ENUM_CONVERSION = YES;
				CLANG_WARN_INT_CONVERSION = YES;
				CLANG_WARN_OBJC_ROOT_CLASS = YES_ERROR;
				CLANG_WARN__DUPLICATE_METHOD_MATCH = YES;
				"CODE_SIGN_IDENTITY[sdk=iphoneos*]" = "iPhone Developer";
				COPY_PHASE_STRIP = YES;
				ENABLE_NS_ASSERTIONS = NO;
				GCC_C_LANGUAGE_STANDARD = gnu99;
				GCC_WARN_64_TO_32_BIT_CONVERSION = YES;
				GCC_WARN_ABOUT_RETURN_TYPE = YES_ERROR;
				GCC_WARN_UNDECLARED_SELECTOR = YES;
				GCC_WARN_UNINITIALIZED_AUTOS = YES_AGGRESSIVE;
				GCC_WARN_UNUSED_FUNCTION = YES;
				GCC_WARN_UNUSED_VARIABLE = YES;
				IPHONEOS_DEPLOYMENT_TARGET = 7.1;
				SDKROOT = iphoneos;
				VALIDATE_PRODUCT = YES;
			};
			name = Release;
		};
		9093DD5218D3D458004A6CC5 /* Debug */ = {
			isa = XCBuildConfiguration;
			buildSettings = {
				ASSETCATALOG_COMPILER_APPICON_NAME = AppIcon;
				ASSETCATALOG_COMPILER_LAUNCHIMAGE_NAME = LaunchImage;
				FRAMEWORK_SEARCH_PATHS = (
					"$(inherited)",
					"$(SYSTEM_APPS_DIR)/Reveal.app/Contents/SharedSupport/iOS-Libraries",
					"$(PROJECT_DIR)",
				);
				GCC_PRECOMPILE_PREFIX_HEADER = YES;
				GCC_PREFIX_HEADER = "Milk/Milk-Prefix.pch";
				INFOPLIST_FILE = "Milk/Milk-Info.plist";
				IPHONEOS_DEPLOYMENT_TARGET = 7.0;
				PRODUCT_NAME = "$(TARGET_NAME)";
				WRAPPER_EXTENSION = app;
			};
			name = Debug;
		};
		9093DD5318D3D458004A6CC5 /* Release */ = {
			isa = XCBuildConfiguration;
			buildSettings = {
				ASSETCATALOG_COMPILER_APPICON_NAME = AppIcon;
				ASSETCATALOG_COMPILER_LAUNCHIMAGE_NAME = LaunchImage;
				FRAMEWORK_SEARCH_PATHS = (
					"$(inherited)",
					"$(SYSTEM_APPS_DIR)/Reveal.app/Contents/SharedSupport/iOS-Libraries",
					"$(PROJECT_DIR)",
				);
				GCC_PRECOMPILE_PREFIX_HEADER = YES;
				GCC_PREFIX_HEADER = "Milk/Milk-Prefix.pch";
				INFOPLIST_FILE = "Milk/Milk-Info.plist";
				IPHONEOS_DEPLOYMENT_TARGET = 7.0;
				PRODUCT_NAME = "$(TARGET_NAME)";
				WRAPPER_EXTENSION = app;
			};
			name = Release;
		};
		9093DD5518D3D458004A6CC5 /* Debug */ = {
			isa = XCBuildConfiguration;
			buildSettings = {
				BUNDLE_LOADER = "$(BUILT_PRODUCTS_DIR)/Milk.app/Milk";
				FRAMEWORK_SEARCH_PATHS = (
					"$(SDKROOT)/Developer/Library/Frameworks",
					"$(inherited)",
					"$(DEVELOPER_FRAMEWORKS_DIR)",
				);
				GCC_PRECOMPILE_PREFIX_HEADER = YES;
				GCC_PREFIX_HEADER = "Milk/Milk-Prefix.pch";
				GCC_PREPROCESSOR_DEFINITIONS = (
					"DEBUG=1",
					"$(inherited)",
				);
				INFOPLIST_FILE = "MilkTests/MilkTests-Info.plist";
				PRODUCT_NAME = "$(TARGET_NAME)";
				TEST_HOST = "$(BUNDLE_LOADER)";
				WRAPPER_EXTENSION = xctest;
			};
			name = Debug;
		};
		9093DD5618D3D458004A6CC5 /* Release */ = {
			isa = XCBuildConfiguration;
			buildSettings = {
				BUNDLE_LOADER = "$(BUILT_PRODUCTS_DIR)/Milk.app/Milk";
				FRAMEWORK_SEARCH_PATHS = (
					"$(SDKROOT)/Developer/Library/Frameworks",
					"$(inherited)",
					"$(DEVELOPER_FRAMEWORKS_DIR)",
				);
				GCC_PRECOMPILE_PREFIX_HEADER = YES;
				GCC_PREFIX_HEADER = "Milk/Milk-Prefix.pch";
				INFOPLIST_FILE = "MilkTests/MilkTests-Info.plist";
				PRODUCT_NAME = "$(TARGET_NAME)";
				TEST_HOST = "$(BUNDLE_LOADER)";
				WRAPPER_EXTENSION = xctest;
			};
			name = Release;
		};
/* End XCBuildConfiguration section */

/* Begin XCConfigurationList section */
		9093DD1A18D3D458004A6CC5 /* Build configuration list for PBXProject "Milk" */ = {
			isa = XCConfigurationList;
			buildConfigurations = (
				9093DD4F18D3D458004A6CC5 /* Debug */,
				9093DD5018D3D458004A6CC5 /* Release */,
			);
			defaultConfigurationIsVisible = 0;
			defaultConfigurationName = Release;
		};
		9093DD5118D3D458004A6CC5 /* Build configuration list for PBXNativeTarget "Milk" */ = {
			isa = XCConfigurationList;
			buildConfigurations = (
				9093DD5218D3D458004A6CC5 /* Debug */,
				9093DD5318D3D458004A6CC5 /* Release */,
			);
			defaultConfigurationIsVisible = 0;
			defaultConfigurationName = Release;
		};
		9093DD5418D3D458004A6CC5 /* Build configuration list for PBXNativeTarget "MilkTests" */ = {
			isa = XCConfigurationList;
			buildConfigurations = (
				9093DD5518D3D458004A6CC5 /* Debug */,
				9093DD5618D3D458004A6CC5 /* Release */,
			);
			defaultConfigurationIsVisible = 0;
			defaultConfigurationName = Release;
		};
/* End XCConfigurationList section */

/* Begin XCVersionGroup section */
		9093DD5E18D3DFF4004A6CC5 /* Milk.xcdatamodeld */ = {
			isa = XCVersionGroup;
			children = (
				9093DD5F18D3DFF4004A6CC5 /* Milk.xcdatamodel */,
			);
			currentVersion = 9093DD5F18D3DFF4004A6CC5 /* Milk.xcdatamodel */;
			path = Milk.xcdatamodeld;
			sourceTree = "<group>";
			versionGroupType = wrapper.xcdatamodel;
		};
/* End XCVersionGroup section */
	};
	rootObject = 9093DD1718D3D458004A6CC5 /* Project object */;
}
